// !$*UTF8*$!
{
	archiveVersion = 1;
	classes = {
	};
	objectVersion = 56;
	objects = {

/* Begin PBXBuildFile section */
		CD3850E62A72B3F2007050B7 /* agoraVaiApp.swift in Sources */ = {isa = PBXBuildFile; fileRef = CD3850E52A72B3F2007050B7 /* agoraVaiApp.swift */; };
		CD3850E82A72B3F2007050B7 /* ContentView.swift in Sources */ = {isa = PBXBuildFile; fileRef = CD3850E72A72B3F2007050B7 /* ContentView.swift */; };
		CD3850EA2A72B3F4007050B7 /* Assets.xcassets in Resources */ = {isa = PBXBuildFile; fileRef = CD3850E92A72B3F4007050B7 /* Assets.xcassets */; };
		CD3850ED2A72B3F4007050B7 /* Preview Assets.xcassets in Resources */ = {isa = PBXBuildFile; fileRef = CD3850EC2A72B3F4007050B7 /* Preview Assets.xcassets */; };
		CD3850F52A72B495007050B7 /* Model.swift in Sources */ = {isa = PBXBuildFile; fileRef = CD3850F42A72B495007050B7 /* Model.swift */; };
		CD3850F72A72B643007050B7 /* GameScene.swift in Sources */ = {isa = PBXBuildFile; fileRef = CD3850F62A72B643007050B7 /* GameScene.swift */; };
		CD3850FA2A73E73D007050B7 /* CardViewModel.swift in Sources */ = {isa = PBXBuildFile; fileRef = CD3850F92A73E73D007050B7 /* CardViewModel.swift */; };
		CD3850FC2A73E83C007050B7 /* StackCardView.swift in Sources */ = {isa = PBXBuildFile; fileRef = CD3850FB2A73E83C007050B7 /* StackCardView.swift */; };
/* End PBXBuildFile section */

/* Begin PBXFileReference section */
		CD3850E22A72B3F2007050B7 /* agoraVai.app */ = {isa = PBXFileReference; explicitFileType = wrapper.application; includeInIndex = 0; path = agoraVai.app; sourceTree = BUILT_PRODUCTS_DIR; };
		CD3850E52A72B3F2007050B7 /* agoraVaiApp.swift */ = {isa = PBXFileReference; lastKnownFileType = sourcecode.swift; path = agoraVaiApp.swift; sourceTree = "<group>"; };
		CD3850E72A72B3F2007050B7 /* ContentView.swift */ = {isa = PBXFileReference; lastKnownFileType = sourcecode.swift; path = ContentView.swift; sourceTree = "<group>"; };
		CD3850E92A72B3F4007050B7 /* Assets.xcassets */ = {isa = PBXFileReference; lastKnownFileType = folder.assetcatalog; path = Assets.xcassets; sourceTree = "<group>"; };
		CD3850EC2A72B3F4007050B7 /* Preview Assets.xcassets */ = {isa = PBXFileReference; lastKnownFileType = folder.assetcatalog; path = "Preview Assets.xcassets"; sourceTree = "<group>"; };
		CD3850F42A72B495007050B7 /* Model.swift */ = {isa = PBXFileReference; lastKnownFileType = sourcecode.swift; path = Model.swift; sourceTree = "<group>"; };
		CD3850F62A72B643007050B7 /* GameScene.swift */ = {isa = PBXFileReference; lastKnownFileType = sourcecode.swift; path = GameScene.swift; sourceTree = "<group>"; };
		CD3850F92A73E73D007050B7 /* CardViewModel.swift */ = {isa = PBXFileReference; lastKnownFileType = sourcecode.swift; path = CardViewModel.swift; sourceTree = "<group>"; };
		CD3850FB2A73E83C007050B7 /* StackCardView.swift */ = {isa = PBXFileReference; lastKnownFileType = sourcecode.swift; path = StackCardView.swift; sourceTree = "<group>"; };
/* End PBXFileReference section */

/* Begin PBXFrameworksBuildPhase section */
		CD3850DF2A72B3F2007050B7 /* Frameworks */ = {
			isa = PBXFrameworksBuildPhase;
			buildActionMask = 2147483647;
			files = (
			);
			runOnlyForDeploymentPostprocessing = 0;
		};
/* End PBXFrameworksBuildPhase section */

/* Begin PBXGroup section */
		CD3850D92A72B3F2007050B7 = {
			isa = PBXGroup;
			children = (
				CD3850E42A72B3F2007050B7 /* agoraVai */,
				CD3850E32A72B3F2007050B7 /* Products */,
			);
			sourceTree = "<group>";
		};
		CD3850E32A72B3F2007050B7 /* Products */ = {
			isa = PBXGroup;
			children = (
				CD3850E22A72B3F2007050B7 /* agoraVai.app */,
			);
			name = Products;
			sourceTree = "<group>";
		};
		CD3850E42A72B3F2007050B7 /* agoraVai */ = {
			isa = PBXGroup;
			children = (
				CD3850F82A73E729007050B7 /* ViewModel */,
				CD3850F32A72B486007050B7 /* Model */,
				CD3850E52A72B3F2007050B7 /* agoraVaiApp.swift */,
				CD3850E72A72B3F2007050B7 /* ContentView.swift */,
				CD3850E92A72B3F4007050B7 /* Assets.xcassets */,
				CD3850EB2A72B3F4007050B7 /* Preview Content */,
				CD3850F62A72B643007050B7 /* GameScene.swift */,
				CD3850FB2A73E83C007050B7 /* StackCardView.swift */,
			);
			path = agoraVai;
			sourceTree = "<group>";
		};
		CD3850EB2A72B3F4007050B7 /* Preview Content */ = {
			isa = PBXGroup;
			children = (
				CD3850EC2A72B3F4007050B7 /* Preview Assets.xcassets */,
			);
			path = "Preview Content";
			sourceTree = "<group>";
		};
		CD3850F32A72B486007050B7 /* Model */ = {
			isa = PBXGroup;
			children = (
				CD3850F42A72B495007050B7 /* Model.swift */,
			);
			path = Model;
			sourceTree = "<group>";
		};
		CD3850F82A73E729007050B7 /* ViewModel */ = {
			isa = PBXGroup;
			children = (
				CD3850F92A73E73D007050B7 /* CardViewModel.swift */,
			);
			path = ViewModel;
			sourceTree = "<group>";
		};
/* End PBXGroup section */

/* Begin PBXNativeTarget section */
		CD3850E12A72B3F2007050B7 /* agoraVai */ = {
			isa = PBXNativeTarget;
			buildConfigurationList = CD3850F02A72B3F4007050B7 /* Build configuration list for PBXNativeTarget "agoraVai" */;
			buildPhases = (
				CD3850DE2A72B3F2007050B7 /* Sources */,
				CD3850DF2A72B3F2007050B7 /* Frameworks */,
				CD3850E02A72B3F2007050B7 /* Resources */,
			);
			buildRules = (
			);
			dependencies = (
			);
			name = agoraVai;
			productName = agoraVai;
			productReference = CD3850E22A72B3F2007050B7 /* agoraVai.app */;
			productType = "com.apple.product-type.application";
		};
/* End PBXNativeTarget section */

/* Begin PBXProject section */
		CD3850DA2A72B3F2007050B7 /* Project object */ = {
			isa = PBXProject;
			attributes = {
				BuildIndependentTargetsInParallel = 1;
				LastSwiftUpdateCheck = 1430;
				LastUpgradeCheck = 1430;
				TargetAttributes = {
					CD3850E12A72B3F2007050B7 = {
						CreatedOnToolsVersion = 14.3.1;
					};
				};
			};
			buildConfigurationList = CD3850DD2A72B3F2007050B7 /* Build configuration list for PBXProject "agoraVai" */;
			compatibilityVersion = "Xcode 14.0";
			developmentRegion = en;
			hasScannedForEncodings = 0;
			knownRegions = (
				en,
				Base,
			);
			mainGroup = CD3850D92A72B3F2007050B7;
			productRefGroup = CD3850E32A72B3F2007050B7 /* Products */;
			projectDirPath = "";
			projectRoot = "";
			targets = (
				CD3850E12A72B3F2007050B7 /* agoraVai */,
			);
		};
/* End PBXProject section */

/* Begin PBXResourcesBuildPhase section */
		CD3850E02A72B3F2007050B7 /* Resources */ = {
			isa = PBXResourcesBuildPhase;
			buildActionMask = 2147483647;
			files = (
				CD3850ED2A72B3F4007050B7 /* Preview Assets.xcassets in Resources */,
				CD3850EA2A72B3F4007050B7 /* Assets.xcassets in Resources */,
			);
			runOnlyForDeploymentPostprocessing = 0;
		};
/* End PBXResourcesBuildPhase section */

/* Begin PBXSourcesBuildPhase section */
		CD3850DE2A72B3F2007050B7 /* Sources */ = {
			isa = PBXSourcesBuildPhase;
			buildActionMask = 2147483647;
			files = (
				CD3850F52A72B495007050B7 /* Model.swift in Sources */,
				CD3850E82A72B3F2007050B7 /* ContentView.swift in Sources */,
				CD3850F72A72B643007050B7 /* GameScene.swift in Sources */,
				CD3850FC2A73E83C007050B7 /* StackCardView.swift in Sources */,
				CD3850E62A72B3F2007050B7 /* agoraVaiApp.swift in Sources */,
				CD3850FA2A73E73D007050B7 /* CardViewModel.swift in Sources */,
			);
			runOnlyForDeploymentPostprocessing = 0;
		};
/* End PBXSourcesBuildPhase section */

/* Begin XCBuildConfiguration section */
		CD3850EE2A72B3F4007050B7 /* Debug */ = {
			isa = XCBuildConfiguration;
			buildSettings = {
				ALWAYS_SEARCH_USER_PATHS = NO;
				CLANG_ANALYZER_NONNULL = YES;
				CLANG_ANALYZER_NUMBER_OBJECT_CONVERSION = YES_AGGRESSIVE;
				CLANG_CXX_LANGUAGE_STANDARD = "gnu++20";
				CLANG_ENABLE_MODULES = YES;
				CLANG_ENABLE_OBJC_ARC = YES;
				CLANG_ENABLE_OBJC_WEAK = YES;
				CLANG_WARN_BLOCK_CAPTURE_AUTORELEASING = YES;
				CLANG_WARN_BOOL_CONVERSION = YES;
				CLANG_WARN_COMMA = YES;
				CLANG_WARN_CONSTANT_CONVERSION = YES;
				CLANG_WARN_DEPRECATED_OBJC_IMPLEMENTATIONS = YES;
				CLANG_WARN_DIRECT_OBJC_ISA_USAGE = YES_ERROR;
				CLANG_WARN_DOCUMENTATION_COMMENTS = YES;
				CLANG_WARN_EMPTY_BODY = YES;
				CLANG_WARN_ENUM_CONVERSION = YES;
				CLANG_WARN_INFINITE_RECURSION = YES;
				CLANG_WARN_INT_CONVERSION = YES;
				CLANG_WARN_NON_LITERAL_NULL_CONVERSION = YES;
				CLANG_WARN_OBJC_IMPLICIT_RETAIN_SELF = YES;
				CLANG_WARN_OBJC_LITERAL_CONVERSION = YES;
				CLANG_WARN_OBJC_ROOT_CLASS = YES_ERROR;
				CLANG_WARN_QUOTED_INCLUDE_IN_FRAMEWORK_HEADER = YES;
				CLANG_WARN_RANGE_LOOP_ANALYSIS = YES;
				CLANG_WARN_STRICT_PROTOTYPES = YES;
				CLANG_WARN_SUSPICIOUS_MOVE = YES;
				CLANG_WARN_UNGUARDED_AVAILABILITY = YES_AGGRESSIVE;
				CLANG_WARN_UNREACHABLE_CODE = YES;
				CLANG_WARN__DUPLICATE_METHOD_MATCH = YES;
				COPY_PHASE_STRIP = NO;
				DEBUG_INFORMATION_FORMAT = dwarf;
				ENABLE_STRICT_OBJC_MSGSEND = YES;
				ENABLE_TESTABILITY = YES;
				GCC_C_LANGUAGE_STANDARD = gnu11;
				GCC_DYNAMIC_NO_PIC = NO;
				GCC_NO_COMMON_BLOCKS = YES;
				GCC_OPTIMIZATION_LEVEL = 0;
				GCC_PREPROCESSOR_DEFINITIONS = (
					"DEBUG=1",
					"$(inherited)",
				);
				GCC_WARN_64_TO_32_BIT_CONVERSION = YES;
				GCC_WARN_ABOUT_RETURN_TYPE = YES_ERROR;
				GCC_WARN_UNDECLARED_SELECTOR = YES;
				GCC_WARN_UNINITIALIZED_AUTOS = YES_AGGRESSIVE;
				GCC_WARN_UNUSED_FUNCTION = YES;
				GCC_WARN_UNUSED_VARIABLE = YES;
				IPHONEOS_DEPLOYMENT_TARGET = 16.4;
				MTL_ENABLE_DEBUG_INFO = INCLUDE_SOURCE;
				MTL_FAST_MATH = YES;
				ONLY_ACTIVE_ARCH = YES;
				SDKROOT = iphoneos;
				SWIFT_ACTIVE_COMPILATION_CONDITIONS = DEBUG;
				SWIFT_OPTIMIZATION_LEVEL = "-Onone";
			};
			name = Debug;
		};
		CD3850EF2A72B3F4007050B7 /* Release */ = {
			isa = XCBuildConfiguration;
			buildSettings = {
				ALWAYS_SEARCH_USER_PATHS = NO;
				CLANG_ANALYZER_NONNULL = YES;
				CLANG_ANALYZER_NUMBER_OBJECT_CONVERSION = YES_AGGRESSIVE;
				CLANG_CXX_LANGUAGE_STANDARD = "gnu++20";
				CLANG_ENABLE_MODULES = YES;
				CLANG_ENABLE_OBJC_ARC = YES;
				CLANG_ENABLE_OBJC_WEAK = YES;
				CLANG_WARN_BLOCK_CAPTURE_AUTORELEASING = YES;
				CLANG_WARN_BOOL_CONVERSION = YES;
				CLANG_WARN_COMMA = YES;
				CLANG_WARN_CONSTANT_CONVERSION = YES;
				CLANG_WARN_DEPRECATED_OBJC_IMPLEMENTATIONS = YES;
				CLANG_WARN_DIRECT_OBJC_ISA_USAGE = YES_ERROR;
				CLANG_WARN_DOCUMENTATION_COMMENTS = YES;
				CLANG_WARN_EMPTY_BODY = YES;
				CLANG_WARN_ENUM_CONVERSION = YES;
				CLANG_WARN_INFINITE_RECURSION = YES;
				CLANG_WARN_INT_CONVERSION = YES;
				CLANG_WARN_NON_LITERAL_NULL_CONVERSION = YES;
				CLANG_WARN_OBJC_IMPLICIT_RETAIN_SELF = YES;
				CLANG_WARN_OBJC_LITERAL_CONVERSION = YES;
				CLANG_WARN_OBJC_ROOT_CLASS = YES_ERROR;
				CLANG_WARN_QUOTED_INCLUDE_IN_FRAMEWORK_HEADER = YES;
				CLANG_WARN_RANGE_LOOP_ANALYSIS = YES;
				CLANG_WARN_STRICT_PROTOTYPES = YES;
				CLANG_WARN_SUSPICIOUS_MOVE = YES;
				CLANG_WARN_UNGUARDED_AVAILABILITY = YES_AGGRESSIVE;
				CLANG_WARN_UNREACHABLE_CODE = YES;
				CLANG_WARN__DUPLICATE_METHOD_MATCH = YES;
				COPY_PHASE_STRIP = NO;
				DEBUG_INFORMATION_FORMAT = "dwarf-with-dsym";
				ENABLE_NS_ASSERTIONS = NO;
				ENABLE_STRICT_OBJC_MSGSEND = YES;
				GCC_C_LANGUAGE_STANDARD = gnu11;
				GCC_NO_COMMON_BLOCKS = YES;
				GCC_WARN_64_TO_32_BIT_CONVERSION = YES;
				GCC_WARN_ABOUT_RETURN_TYPE = YES_ERROR;
				GCC_WARN_UNDECLARED_SELECTOR = YES;
				GCC_WARN_UNINITIALIZED_AUTOS = YES_AGGRESSIVE;
				GCC_WARN_UNUSED_FUNCTION = YES;
				GCC_WARN_UNUSED_VARIABLE = YES;
				IPHONEOS_DEPLOYMENT_TARGET = 16.4;
				MTL_ENABLE_DEBUG_INFO = NO;
				MTL_FAST_MATH = YES;
				SDKROOT = iphoneos;
				SWIFT_COMPILATION_MODE = wholemodule;
				SWIFT_OPTIMIZATION_LEVEL = "-O";
				VALIDATE_PRODUCT = YES;
			};
			name = Release;
		};
		CD3850F12A72B3F4007050B7 /* Debug */ = {
			isa = XCBuildConfiguration;
			buildSettings = {
				ASSETCATALOG_COMPILER_APPICON_NAME = AppIcon;
				ASSETCATALOG_COMPILER_GLOBAL_ACCENT_COLOR_NAME = AccentColor;
				CODE_SIGN_STYLE = Automatic;
				CURRENT_PROJECT_VERSION = 1;
				DEVELOPMENT_ASSET_PATHS = "\"agoraVai/Preview Content\"";
				ENABLE_PREVIEWS = YES;
				GENERATE_INFOPLIST_FILE = YES;
				INFOPLIST_KEY_UIApplicationSceneManifest_Generation = YES;
				INFOPLIST_KEY_UIApplicationSupportsIndirectInputEvents = YES;
				INFOPLIST_KEY_UILaunchScreen_Generation = YES;
				INFOPLIST_KEY_UISupportedInterfaceOrientations_iPad = "UIInterfaceOrientationPortrait UIInterfaceOrientationPortraitUpsideDown UIInterfaceOrientationLandscapeLeft UIInterfaceOrientationLandscapeRight";
				INFOPLIST_KEY_UISupportedInterfaceOrientations_iPhone = "UIInterfaceOrientationPortrait UIInterfaceOrientationLandscapeLeft UIInterfaceOrientationLandscapeRight";
				LD_RUNPATH_SEARCH_PATHS = (
					"$(inherited)",
					"@executable_path/Frameworks",
				);
				MARKETING_VERSION = 1.0;
				PRODUCT_BUNDLE_IDENTIFIER = Jules.agoraVai;
				PRODUCT_NAME = "$(TARGET_NAME)";
				SWIFT_EMIT_LOC_STRINGS = YES;
				SWIFT_VERSION = 5.0;
				TARGETED_DEVICE_FAMILY = "1,2";
			};
			name = Debug;
		};
		CD3850F22A72B3F4007050B7 /* Release */ = {
			isa = XCBuildConfiguration;
			buildSettings = {
				ASSETCATALOG_COMPILER_APPICON_NAME = AppIcon;
				ASSETCATALOG_COMPILER_GLOBAL_ACCENT_COLOR_NAME = AccentColor;
				CODE_SIGN_STYLE = Automatic;
				CURRENT_PROJECT_VERSION = 1;
				DEVELOPMENT_ASSET_PATHS = "\"agoraVai/Preview Content\"";
				ENABLE_PREVIEWS = YES;
				GENERATE_INFOPLIST_FILE = YES;
				INFOPLIST_KEY_UIApplicationSceneManifest_Generation = YES;
				INFOPLIST_KEY_UIApplicationSupportsIndirectInputEvents = YES;
				INFOPLIST_KEY_UILaunchScreen_Generation = YES;
				INFOPLIST_KEY_UISupportedInterfaceOrientations_iPad = "UIInterfaceOrientationPortrait UIInterfaceOrientationPortraitUpsideDown UIInterfaceOrientationLandscapeLeft UIInterfaceOrientationLandscapeRight";
				INFOPLIST_KEY_UISupportedInterfaceOrientations_iPhone = "UIInterfaceOrientationPortrait UIInterfaceOrientationLandscapeLeft UIInterfaceOrientationLandscapeRight";
				LD_RUNPATH_SEARCH_PATHS = (
					"$(inherited)",
					"@executable_path/Frameworks",
				);
				MARKETING_VERSION = 1.0;
				PRODUCT_BUNDLE_IDENTIFIER = Jules.agoraVai;
				PRODUCT_NAME = "$(TARGET_NAME)";
				SWIFT_EMIT_LOC_STRINGS = YES;
				SWIFT_VERSION = 5.0;
				TARGETED_DEVICE_FAMILY = "1,2";
			};
			name = Release;
		};
/* End XCBuildConfiguration section */

/* Begin XCConfigurationList section */
		CD3850DD2A72B3F2007050B7 /* Build configuration list for PBXProject "agoraVai" */ = {
			isa = XCConfigurationList;
			buildConfigurations = (
				CD3850EE2A72B3F4007050B7 /* Debug */,
				CD3850EF2A72B3F4007050B7 /* Release */,
			);
			defaultConfigurationIsVisible = 0;
			defaultConfigurationName = Release;
		};
		CD3850F02A72B3F4007050B7 /* Build configuration list for PBXNativeTarget "agoraVai" */ = {
			isa = XCConfigurationList;
			buildConfigurations = (
				CD3850F12A72B3F4007050B7 /* Debug */,
				CD3850F22A72B3F4007050B7 /* Release */,
			);
			defaultConfigurationIsVisible = 0;
			defaultConfigurationName = Release;
		};
/* End XCConfigurationList section */
	};
	rootObject = CD3850DA2A72B3F2007050B7 /* Project object */;
}
